
Microsoft Visual Studio Solution File, Format Version 12.00
# Visual Studio Version 17
VisualStudioVersion = 17.8.34316.72
MinimumVisualStudioVersion = 10.0.40219.1
Project("{FAE04EC0-301F-11D3-BF4B-00C04F79EFBC}") = "ProyectoSophos", "ProyectoSophos\ProyectoSophos.csproj", "{37D4B220-8D9A-4C2F-8B9D-48974B154AC9}"
EndProject
Global
	GlobalSection(SolutionConfigurationPlatforms) = preSolution
		Debug|Any CPU = Debug|Any CPU
		Release|Any CPU = Release|Any CPU
	EndGlobalSection
	GlobalSection(ProjectConfigurationPlatforms) = postSolution
		{37D4B220-8D9A-4C2F-8B9D-48974B154AC9}.Debug|Any CPU.ActiveCfg = Debug|Any CPU
		{37D4B220-8D9A-4C2F-8B9D-48974B154AC9}.Debug|Any CPU.Build.0 = Debug|Any CPU
		{37D4B220-8D9A-4C2F-8B9D-48974B154AC9}.Release|Any CPU.ActiveCfg = Release|Any CPU
		{37D4B220-8D9A-4C2F-8B9D-48974B154AC9}.Release|Any CPU.Build.0 = Release|Any CPU
	EndGlobalSection
	GlobalSection(SolutionProperties) = preSolution
		HideSolutionNode = FALSE
	EndGlobalSection
	GlobalSection(ExtensibilityGlobals) = postSolution
		SolutionGuid = {2943B9E9-936C-43CC-A622-96F9D487B4D6}
	EndGlobalSection
EndGlobal
